// !$*UTF8*$!
{
	archiveVersion = 1;
	classes = {
	};
	objectVersion = 46;
	objects = {

/* Begin PBXBuildFile section */
		8BCBCAA11A2E48160083AA1B /* AppDelegate.swift in Sources */ = {isa = PBXBuildFile; fileRef = 8BCBCAA01A2E48160083AA1B /* AppDelegate.swift */; };
		8BCBCAA31A2E48160083AA1B /* ViewController.swift in Sources */ = {isa = PBXBuildFile; fileRef = 8BCBCAA21A2E48160083AA1B /* ViewController.swift */; };
		8BCBCAA61A2E48160083AA1B /* Main.storyboard in Resources */ = {isa = PBXBuildFile; fileRef = 8BCBCAA41A2E48160083AA1B /* Main.storyboard */; };
		8BCBCAA81A2E48160083AA1B /* Images.xcassets in Resources */ = {isa = PBXBuildFile; fileRef = 8BCBCAA71A2E48160083AA1B /* Images.xcassets */; };
		8BCBCAAB1A2E48160083AA1B /* LaunchScreen.xib in Resources */ = {isa = PBXBuildFile; fileRef = 8BCBCAA91A2E48160083AA1B /* LaunchScreen.xib */; };
		8BCBCAB71A2E48160083AA1B /* whats_the_weatherTests.swift in Sources */ = {isa = PBXBuildFile; fileRef = 8BCBCAB61A2E48160083AA1B /* whats_the_weatherTests.swift */; };
		8BCBCAC11A2E4A020083AA1B /* coastline.png in Resources */ = {isa = PBXBuildFile; fileRef = 8BCBCAC01A2E4A020083AA1B /* coastline.png */; };
/* End PBXBuildFile section */

/* Begin PBXContainerItemProxy section */
		8BCBCAB11A2E48160083AA1B /* PBXContainerItemProxy */ = {
			isa = PBXContainerItemProxy;
			containerPortal = 8BCBCA931A2E48150083AA1B /* Project object */;
			proxyType = 1;
			remoteGlobalIDString = 8BCBCA9A1A2E48160083AA1B;
			remoteInfo = whats_the_weather;
		};
/* End PBXContainerItemProxy section */

/* Begin PBXFileReference section */
		8BCBCA9B1A2E48160083AA1B /* whats_the_weather.app */ = {isa = PBXFileReference; explicitFileType = wrapper.application; includeInIndex = 0; path = whats_the_weather.app; sourceTree = BUILT_PRODUCTS_DIR; };
		8BCBCA9F1A2E48160083AA1B /* Info.plist */ = {isa = PBXFileReference; lastKnownFileType = text.plist.xml; path = Info.plist; sourceTree = "<group>"; };
		8BCBCAA01A2E48160083AA1B /* AppDelegate.swift */ = {isa = PBXFileReference; lastKnownFileType = sourcecode.swift; path = AppDelegate.swift; sourceTree = "<group>"; };
		8BCBCAA21A2E48160083AA1B /* ViewController.swift */ = {isa = PBXFileReference; lastKnownFileType = sourcecode.swift; path = ViewController.swift; sourceTree = "<group>"; };
		8BCBCAA51A2E48160083AA1B /* Base */ = {isa = PBXFileReference; lastKnownFileType = file.storyboard; name = Base; path = Base.lproj/Main.storyboard; sourceTree = "<group>"; };
		8BCBCAA71A2E48160083AA1B /* Images.xcassets */ = {isa = PBXFileReference; lastKnownFileType = folder.assetcatalog; path = Images.xcassets; sourceTree = "<group>"; };
		8BCBCAAA1A2E48160083AA1B /* Base */ = {isa = PBXFileReference; lastKnownFileType = file.xib; name = Base; path = Base.lproj/LaunchScreen.xib; sourceTree = "<group>"; };
		8BCBCAB01A2E48160083AA1B /* whats_the_weatherTests.xctest */ = {isa = PBXFileReference; explicitFileType = wrapper.cfbundle; includeInIndex = 0; path = whats_the_weatherTests.xctest; sourceTree = BUILT_PRODUCTS_DIR; };
		8BCBCAB51A2E48160083AA1B /* Info.plist */ = {isa = PBXFileReference; lastKnownFileType = text.plist.xml; path = Info.plist; sourceTree = "<group>"; };
		8BCBCAB61A2E48160083AA1B /* whats_the_weatherTests.swift */ = {isa = PBXFileReference; lastKnownFileType = sourcecode.swift; path = whats_the_weatherTests.swift; sourceTree = "<group>"; };
		8BCBCAC01A2E4A020083AA1B /* coastline.png */ = {isa = PBXFileReference; lastKnownFileType = image.png; path = coastline.png; sourceTree = "<group>"; };
/* End PBXFileReference section */

/* Begin PBXFrameworksBuildPhase section */
		8BCBCA981A2E48160083AA1B /* Frameworks */ = {
			isa = PBXFrameworksBuildPhase;
			buildActionMask = 2147483647;
			files = (
			);
			runOnlyForDeploymentPostprocessing = 0;
		};
		8BCBCAAD1A2E48160083AA1B /* Frameworks */ = {
			isa = PBXFrameworksBuildPhase;
			buildActionMask = 2147483647;
			files = (
			);
			runOnlyForDeploymentPostprocessing = 0;
		};
/* End PBXFrameworksBuildPhase section */

/* Begin PBXGroup section */
		8BCBCA921A2E48150083AA1B = {
			isa = PBXGroup;
			children = (
				8BCBCA9D1A2E48160083AA1B /* whats_the_weather */,
				8BCBCAB31A2E48160083AA1B /* whats_the_weatherTests */,
				8BCBCA9C1A2E48160083AA1B /* Products */,
			);
			sourceTree = "<group>";
		};
		8BCBCA9C1A2E48160083AA1B /* Products */ = {
			isa = PBXGroup;
			children = (
				8BCBCA9B1A2E48160083AA1B /* whats_the_weather.app */,
				8BCBCAB01A2E48160083AA1B /* whats_the_weatherTests.xctest */,
			);
			name = Products;
			sourceTree = "<group>";
		};
		8BCBCA9D1A2E48160083AA1B /* whats_the_weather */ = {
			isa = PBXGroup;
			children = (
				8BCBCAA01A2E48160083AA1B /* AppDelegate.swift */,
				8BCBCAA21A2E48160083AA1B /* ViewController.swift */,
				8BCBCAA41A2E48160083AA1B /* Main.storyboard */,
				8BCBCAC01A2E4A020083AA1B /* coastline.png */,
				8BCBCAA71A2E48160083AA1B /* Images.xcassets */,
				8BCBCAA91A2E48160083AA1B /* LaunchScreen.xib */,
				8BCBCA9E1A2E48160083AA1B /* Supporting Files */,
			);
			path = whats_the_weather;
			sourceTree = "<group>";
		};
		8BCBCA9E1A2E48160083AA1B /* Supporting Files */ = {
			isa = PBXGroup;
			children = (
				8BCBCA9F1A2E48160083AA1B /* Info.plist */,
			);
			name = "Supporting Files";
			sourceTree = "<group>";
		};
		8BCBCAB31A2E48160083AA1B /* whats_the_weatherTests */ = {
			isa = PBXGroup;
			children = (
				8BCBCAB61A2E48160083AA1B /* whats_the_weatherTests.swift */,
				8BCBCAB41A2E48160083AA1B /* Supporting Files */,
			);
			path = whats_the_weatherTests;
			sourceTree = "<group>";
		};
		8BCBCAB41A2E48160083AA1B /* Supporting Files */ = {
			isa = PBXGroup;
			children = (
				8BCBCAB51A2E48160083AA1B /* Info.plist */,
			);
			name = "Supporting Files";
			sourceTree = "<group>";
		};
/* End PBXGroup section */

/* Begin PBXNativeTarget section */
		8BCBCA9A1A2E48160083AA1B /* whats_the_weather */ = {
			isa = PBXNativeTarget;
			buildConfigurationList = 8BCBCABA1A2E48160083AA1B /* Build configuration list for PBXNativeTarget "whats_the_weather" */;
			buildPhases = (
				8BCBCA971A2E48160083AA1B /* Sources */,
				8BCBCA981A2E48160083AA1B /* Frameworks */,
				8BCBCA991A2E48160083AA1B /* Resources */,
			);
			buildRules = (
			);
			dependencies = (
			);
			name = whats_the_weather;
			productName = whats_the_weather;
			productReference = 8BCBCA9B1A2E48160083AA1B /* whats_the_weather.app */;
			productType = "com.apple.product-type.application";
		};
		8BCBCAAF1A2E48160083AA1B /* whats_the_weatherTests */ = {
			isa = PBXNativeTarget;
			buildConfigurationList = 8BCBCABD1A2E48160083AA1B /* Build configuration list for PBXNativeTarget "whats_the_weatherTests" */;
			buildPhases = (
				8BCBCAAC1A2E48160083AA1B /* Sources */,
				8BCBCAAD1A2E48160083AA1B /* Frameworks */,
				8BCBCAAE1A2E48160083AA1B /* Resources */,
			);
			buildRules = (
			);
			dependencies = (
				8BCBCAB21A2E48160083AA1B /* PBXTargetDependency */,
			);
			name = whats_the_weatherTests;
			productName = whats_the_weatherTests;
			productReference = 8BCBCAB01A2E48160083AA1B /* whats_the_weatherTests.xctest */;
			productType = "com.apple.product-type.bundle.unit-test";
		};
/* End PBXNativeTarget section */

/* Begin PBXProject section */
		8BCBCA931A2E48150083AA1B /* Project object */ = {
			isa = PBXProject;
			attributes = {
				LastUpgradeCheck = 0610;
				ORGANIZATIONNAME = Griffappolis;
				TargetAttributes = {
					8BCBCA9A1A2E48160083AA1B = {
						CreatedOnToolsVersion = 6.1;
					};
					8BCBCAAF1A2E48160083AA1B = {
						CreatedOnToolsVersion = 6.1;
						TestTargetID = 8BCBCA9A1A2E48160083AA1B;
					};
				};
			};
			buildConfigurationList = 8BCBCA961A2E48150083AA1B /* Build configuration list for PBXProject "whats_the_weather" */;
			compatibilityVersion = "Xcode 3.2";
			developmentRegion = English;
			hasScannedForEncodings = 0;
			knownRegions = (
				en,
				Base,
			);
			mainGroup = 8BCBCA921A2E48150083AA1B;
			productRefGroup = 8BCBCA9C1A2E48160083AA1B /* Products */;
			projectDirPath = "";
			projectRoot = "";
			targets = (
				8BCBCA9A1A2E48160083AA1B /* whats_the_weather */,
				8BCBCAAF1A2E48160083AA1B /* whats_the_weatherTests */,
			);
		};
/* End PBXProject section */

/* Begin PBXResourcesBuildPhase section */
		8BCBCA991A2E48160083AA1B /* Resources */ = {
			isa = PBXResourcesBuildPhase;
			buildActionMask = 2147483647;
			files = (
				8BCBCAA61A2E48160083AA1B /* Main.storyboard in Resources */,
				8BCBCAAB1A2E48160083AA1B /* LaunchScreen.xib in Resources */,
				8BCBCAC11A2E4A020083AA1B /* coastline.png in Resources */,
				8BCBCAA81A2E48160083AA1B /* Images.xcassets in Resources */,
			);
			runOnlyForDeploymentPostprocessing = 0;
		};
		8BCBCAAE1A2E48160083AA1B /* Resources */ = {
			isa = PBXResourcesBuildPhase;
			buildActionMask = 2147483647;
			files = (
			);
			runOnlyForDeploymentPostprocessing = 0;
		};
/* End PBXResourcesBuildPhase section */

/* Begin PBXSourcesBuildPhase section */
		8BCBCA971A2E48160083AA1B /* Sources */ = {
			isa = PBXSourcesBuildPhase;
			buildActionMask = 2147483647;
			files = (
				8BCBCAA31A2E48160083AA1B /* ViewController.swift in Sources */,
				8BCBCAA11A2E48160083AA1B /* AppDelegate.swift in Sources */,
			);
			runOnlyForDeploymentPostprocessing = 0;
		};
		8BCBCAAC1A2E48160083AA1B /* Sources */ = {
			isa = PBXSourcesBuildPhase;
			buildActionMask = 2147483647;
			files = (
				8BCBCAB71A2E48160083AA1B /* whats_the_weatherTests.swift in Sources */,
			);
			runOnlyForDeploymentPostprocessing = 0;
		};
/* End PBXSourcesBuildPhase section */

/* Begin PBXTargetDependency section */
		8BCBCAB21A2E48160083AA1B /* PBXTargetDependency */ = {
			isa = PBXTargetDependency;
			target = 8BCBCA9A1A2E48160083AA1B /* whats_the_weather */;
			targetProxy = 8BCBCAB11A2E48160083AA1B /* PBXContainerItemProxy */;
		};
/* End PBXTargetDependency section */

/* Begin PBXVariantGroup section */
		8BCBCAA41A2E48160083AA1B /* Main.storyboard */ = {
			isa = PBXVariantGroup;
			children = (
				8BCBCAA51A2E48160083AA1B /* Base */,
			);
			name = Main.storyboard;
			sourceTree = "<group>";
		};
		8BCBCAA91A2E48160083AA1B /* LaunchScreen.xib */ = {
			isa = PBXVariantGroup;
			children = (
				8BCBCAAA1A2E48160083AA1B /* Base */,
			);
			name = LaunchScreen.xib;
			sourceTree = "<group>";
		};
/* End PBXVariantGroup section */

/* Begin XCBuildConfiguration section */
		8BCBCAB81A2E48160083AA1B /* Debug */ = {
			isa = XCBuildConfiguration;
			buildSettings = {
				ALWAYS_SEARCH_USER_PATHS = NO;
				CLANG_CXX_LANGUAGE_STANDARD = "gnu++0x";
				CLANG_CXX_LIBRARY = "libc++";
				CLANG_ENABLE_MODULES = YES;
				CLANG_ENABLE_OBJC_ARC = YES;
				CLANG_WARN_BOOL_CONVERSION = YES;
				CLANG_WARN_CONSTANT_CONVERSION = YES;
				CLANG_WARN_DIRECT_OBJC_ISA_USAGE = YES_ERROR;
				CLANG_WARN_EMPTY_BODY = YES;
				CLANG_WARN_ENUM_CONVERSION = YES;
				CLANG_WARN_INT_CONVERSION = YES;
				CLANG_WARN_OBJC_ROOT_CLASS = YES_ERROR;
				CLANG_WARN_UNREACHABLE_CODE = YES;
				CLANG_WARN__DUPLICATE_METHOD_MATCH = YES;
				"CODE_SIGN_IDENTITY[sdk=iphoneos*]" = "iPhone Developer";
				COPY_PHASE_STRIP = NO;
				ENABLE_STRICT_OBJC_MSGSEND = YES;
				GCC_C_LANGUAGE_STANDARD = gnu99;
				GCC_DYNAMIC_NO_PIC = NO;
				GCC_OPTIMIZATION_LEVEL = 0;
				GCC_PREPROCESSOR_DEFINITIONS = (
					"DEBUG=1",
					"$(inherited)",
				);
				GCC_SYMBOLS_PRIVATE_EXTERN = NO;
				GCC_WARN_64_TO_32_BIT_CONVERSION = YES;
				GCC_WARN_ABOUT_RETURN_TYPE = YES_ERROR;
				GCC_WARN_UNDECLARED_SELECTOR = YES;
				GCC_WARN_UNINITIALIZED_AUTOS = YES_AGGRESSIVE;
				GCC_WARN_UNUSED_FUNCTION = YES;
				GCC_WARN_UNUSED_VARIABLE = YES;
				IPHONEOS_DEPLOYMENT_TARGET = 8.1;
				MTL_ENABLE_DEBUG_INFO = YES;
				ONLY_ACTIVE_ARCH = YES;
				SDKROOT = iphoneos;
				SWIFT_OPTIMIZATION_LEVEL = "-Onone";
			};
			name = Debug;
		};
		8BCBCAB91A2E48160083AA1B /* Release */ = {
			isa = XCBuildConfiguration;
			buildSettings = {
				ALWAYS_SEARCH_USER_PATHS = NO;
				CLANG_CXX_LANGUAGE_STANDARD = "gnu++0x";
				CLANG_CXX_LIBRARY = "libc++";
				CLANG_ENABLE_MODULES = YES;
				CLANG_ENABLE_OBJC_ARC = YES;
				CLANG_WARN_BOOL_CONVERSION = YES;
				CLANG_WARN_CONSTANT_CONVERSION = YES;
				CLANG_WARN_DIRECT_OBJC_ISA_USAGE = YES_ERROR;
				CLANG_WARN_EMPTY_BODY = YES;
				CLANG_WARN_ENUM_CONVERSION = YES;
				CLANG_WARN_INT_CONVERSION = YES;
				CLANG_WARN_OBJC_ROOT_CLASS = YES_ERROR;
				CLANG_WARN_UNREACHABLE_CODE = YES;
				CLANG_WARN__DUPLICATE_METHOD_MATCH = YES;
				"CODE_SIGN_IDENTITY[sdk=iphoneos*]" = "iPhone Developer";
				COPY_PHASE_STRIP = YES;
				ENABLE_NS_ASSERTIONS = NO;
				ENABLE_STRICT_OBJC_MSGSEND = YES;
				GCC_C_LANGUAGE_STANDARD = gnu99;
				GCC_WARN_64_TO_32_BIT_CONVERSION = YES;
				GCC_WARN_ABOUT_RETURN_TYPE = YES_ERROR;
				GCC_WARN_UNDECLARED_SELECTOR = YES;
				GCC_WARN_UNINITIALIZED_AUTOS = YES_AGGRESSIVE;
				GCC_WARN_UNUSED_FUNCTION = YES;
				GCC_WARN_UNUSED_VARIABLE = YES;
				IPHONEOS_DEPLOYMENT_TARGET = 8.1;
				MTL_ENABLE_DEBUG_INFO = NO;
				SDKROOT = iphoneos;
				VALIDATE_PRODUCT = YES;
			};
			name = Release;
		};
		8BCBCABB1A2E48160083AA1B /* Debug */ = {
			isa = XCBuildConfiguration;
			buildSettings = {
				ASSETCATALOG_COMPILER_APPICON_NAME = AppIcon;
				INFOPLIST_FILE = whats_the_weather/Info.plist;
				LD_RUNPATH_SEARCH_PATHS = "$(inherited) @executable_path/Frameworks";
				PRODUCT_NAME = "$(TARGET_NAME)";
			};
			name = Debug;
		};
		8BCBCABC1A2E48160083AA1B /* Release */ = {
			isa = XCBuildConfiguration;
			buildSettings = {
				ASSETCATALOG_COMPILER_APPICON_NAME = AppIcon;
				INFOPLIST_FILE = whats_the_weather/Info.plist;
				LD_RUNPATH_SEARCH_PATHS = "$(inherited) @executable_path/Frameworks";
				PRODUCT_NAME = "$(TARGET_NAME)";
			};
			name = Release;
		};
		8BCBCABE1A2E48160083AA1B /* Debug */ = {
			isa = XCBuildConfiguration;
			buildSettings = {
				BUNDLE_LOADER = "$(TEST_HOST)";
				FRAMEWORK_SEARCH_PATHS = (
					"$(SDKROOT)/Developer/Library/Frameworks",
					"$(inherited)",
				);
				GCC_PREPROCESSOR_DEFINITIONS = (
					"DEBUG=1",
					"$(inherited)",
				);
				INFOPLIST_FILE = whats_the_weatherTests/Info.plist;
				LD_RUNPATH_SEARCH_PATHS = "$(inherited) @executable_path/Frameworks @loader_path/Frameworks";
				PRODUCT_NAME = "$(TARGET_NAME)";
				TEST_HOST = "$(BUILT_PRODUCTS_DIR)/whats_the_weather.app/whats_the_weather";
			};
			name = Debug;
		};
		8BCBCABF1A2E48160083AA1B /* Release */ = {
			isa = XCBuildConfiguration;
			buildSettings = {
				BUNDLE_LOADER = "$(TEST_HOST)";
				FRAMEWORK_SEARCH_PATHS = (
					"$(SDKROOT)/Developer/Library/Frameworks",
					"$(inherited)",
				);
				INFOPLIST_FILE = whats_the_weatherTests/Info.plist;
				LD_RUNPATH_SEARCH_PATHS = "$(inherited) @executable_path/Frameworks @loader_path/Frameworks";
				PRODUCT_NAME = "$(TARGET_NAME)";
				TEST_HOST = "$(BUILT_PRODUCTS_DIR)/whats_the_weather.app/whats_the_weather";
			};
			name = Release;
		};
/* End XCBuildConfiguration section */

/* Begin XCConfigurationList section */
		8BCBCA961A2E48150083AA1B /* Build configuration list for PBXProject "whats_the_weather" */ = {
			isa = XCConfigurationList;
			buildConfigurations = (
				8BCBCAB81A2E48160083AA1B /* Debug */,
				8BCBCAB91A2E48160083AA1B /* Release */,
			);
			defaultConfigurationIsVisible = 0;
			defaultConfigurationName = Release;
		};
		8BCBCABA1A2E48160083AA1B /* Build configuration list for PBXNativeTarget "whats_the_weather" */ = {
			isa = XCConfigurationList;
			buildConfigurations = (
				8BCBCABB1A2E48160083AA1B /* Debug */,
				8BCBCABC1A2E48160083AA1B /* Release */,
			);
			defaultConfigurationIsVisible = 0;
		};
		8BCBCABD1A2E48160083AA1B /* Build configuration list for PBXNativeTarget "whats_the_weatherTests" */ = {
			isa = XCConfigurationList;
			buildConfigurations = (
				8BCBCABE1A2E48160083AA1B /* Debug */,
				8BCBCABF1A2E48160083AA1B /* Release */,
			);
			defaultConfigurationIsVisible = 0;
		};
/* End XCConfigurationList section */
	};
	rootObject = 8BCBCA931A2E48150083AA1B /* Project object */;
}
